
Microsoft Visual Studio Solution File, Format Version 12.00
# Visual Studio Version 17
VisualStudioVersion = 17.0.32014.148
MinimumVisualStudioVersion = 10.0.40219.1
Project("{2150E333-8FDC-42A3-9474-1A3956D46DE8}") = "src", "src", "{7CB5EAA7-6A21-48DD-995E-8C8BEBBEEC10}"
EndProject
Project("{9A19103F-16F7-4668-BE54-9A1E7A4F7556}") = "Rachio.NET.Service", "src\Rachio.NET.Service\Rachio.NET.Service.csproj", "{5F4E989B-BC5C-4925-A7A7-9DF3E3EDA279}"
EndProject
Project("{2150E333-8FDC-42A3-9474-1A3956D46DE8}") = "tests", "tests", "{A959E338-9A67-4351-8698-0F62ACF9175F}"
EndProject
Project("{9A19103F-16F7-4668-BE54-9A1E7A4F7556}") = "Rachio.Service.UnitTests", "tests\Rachio.Service.Tests\Rachio.Service.UnitTests.csproj", "{397CE98F-C8C8-4002-B33D-33A9B90618E1}"
EndProject
Project("{9A19103F-16F7-4668-BE54-9A1E7A4F7556}") = "Rachio.Service.AcceptanceTests", "tests\Rachio.Service.AcceptanceTests\Rachio.Service.AcceptanceTests.csproj", "{6EA16483-7EA1-4DD5-9F7C-47AF836B6A02}"
EndProject
Global
	GlobalSection(SolutionConfigurationPlatforms) = preSolution
		Debug|Any CPU = Debug|Any CPU
		Release|Any CPU = Release|Any CPU
	EndGlobalSection
	GlobalSection(ProjectConfigurationPlatforms) = postSolution
		{5F4E989B-BC5C-4925-A7A7-9DF3E3EDA279}.Debug|Any CPU.ActiveCfg = Debug|Any CPU
		{5F4E989B-BC5C-4925-A7A7-9DF3E3EDA279}.Debug|Any CPU.Build.0 = Debug|Any CPU
		{5F4E989B-BC5C-4925-A7A7-9DF3E3EDA279}.Release|Any CPU.ActiveCfg = Release|Any CPU
		{5F4E989B-BC5C-4925-A7A7-9DF3E3EDA279}.Release|Any CPU.Build.0 = Release|Any CPU
		{397CE98F-C8C8-4002-B33D-33A9B90618E1}.Debug|Any CPU.ActiveCfg = Debug|Any CPU
		{397CE98F-C8C8-4002-B33D-33A9B90618E1}.Debug|Any CPU.Build.0 = Debug|Any CPU
		{397CE98F-C8C8-4002-B33D-33A9B90618E1}.Release|Any CPU.ActiveCfg = Release|Any CPU
		{397CE98F-C8C8-4002-B33D-33A9B90618E1}.Release|Any CPU.Build.0 = Release|Any CPU
		{6EA16483-7EA1-4DD5-9F7C-47AF836B6A02}.Debug|Any CPU.ActiveCfg = Debug|Any CPU
		{6EA16483-7EA1-4DD5-9F7C-47AF836B6A02}.Debug|Any CPU.Build.0 = Debug|Any CPU
		{6EA16483-7EA1-4DD5-9F7C-47AF836B6A02}.Release|Any CPU.ActiveCfg = Release|Any CPU
		{6EA16483-7EA1-4DD5-9F7C-47AF836B6A02}.Release|Any CPU.Build.0 = Release|Any CPU
	EndGlobalSection
	GlobalSection(SolutionProperties) = preSolution
		HideSolutionNode = FALSE
	EndGlobalSection
	GlobalSection(NestedProjects) = preSolution
		{5F4E989B-BC5C-4925-A7A7-9DF3E3EDA279} = {7CB5EAA7-6A21-48DD-995E-8C8BEBBEEC10}
		{397CE98F-C8C8-4002-B33D-33A9B90618E1} = {A959E338-9A67-4351-8698-0F62ACF9175F}
		{6EA16483-7EA1-4DD5-9F7C-47AF836B6A02} = {A959E338-9A67-4351-8698-0F62ACF9175F}
	EndGlobalSection
	GlobalSection(ExtensibilityGlobals) = postSolution
		SolutionGuid = {C21BAC3B-533A-420A-A3D1-1F7F968F516D}
	EndGlobalSection
EndGlobal
